
Microsoft Visual Studio Solution File, Format Version 12.00
# Visual Studio Version 16
VisualStudioVersion = 16.0.30011.22
MinimumVisualStudioVersion = 10.0.40219.1
Project("{FAE04EC0-301F-11D3-BF4B-00C04F79EFBC}") = "fizzbuzz", "fizzbuzz\fizzbuzz.csproj", "{46DC2686-9BA2-4FE2-AF87-0D07E5D0F16B}"
EndProject
Global
	GlobalSection(SolutionConfigurationPlatforms) = preSolution
		Debug|Any CPU = Debug|Any CPU
		Release|Any CPU = Release|Any CPU
	EndGlobalSection
	GlobalSection(ProjectConfigurationPlatforms) = postSolution
		{46DC2686-9BA2-4FE2-AF87-0D07E5D0F16B}.Debug|Any CPU.ActiveCfg = Debug|Any CPU
		{46DC2686-9BA2-4FE2-AF87-0D07E5D0F16B}.Debug|Any CPU.Build.0 = Debug|Any CPU
		{46DC2686-9BA2-4FE2-AF87-0D07E5D0F16B}.Release|Any CPU.ActiveCfg = Release|Any CPU
		{46DC2686-9BA2-4FE2-AF87-0D07E5D0F16B}.Release|Any CPU.Build.0 = Release|Any CPU
	EndGlobalSection
	GlobalSection(SolutionProperties) = preSolution
		HideSolutionNode = FALSE
	EndGlobalSection
	GlobalSection(ExtensibilityGlobals) = postSolution
		SolutionGuid = {36EFF67A-D754-4F6A-AB5E-4E708E0D60CA}
	EndGlobalSection
EndGlobal
